
Microsoft Visual Studio Solution File, Format Version 12.00
# Visual Studio Version 16
VisualStudioVersion = 16.0.31005.135
MinimumVisualStudioVersion = 10.0.40219.1
Project("{FAE04EC0-301F-11D3-BF4B-00C04F79EFBC}") = "WebServer", "WebServer\WebServer.csproj", "{317A4369-E5A9-4227-AEB7-89EA7163BA82}"
EndProject
Global
	GlobalSection(SolutionConfigurationPlatforms) = preSolution
		Debug|Any CPU = Debug|Any CPU
		Release|Any CPU = Release|Any CPU
	EndGlobalSection
	GlobalSection(ProjectConfigurationPlatforms) = postSolution
		{317A4369-E5A9-4227-AEB7-89EA7163BA82}.Debug|Any CPU.ActiveCfg = Debug|Any CPU
		{317A4369-E5A9-4227-AEB7-89EA7163BA82}.Debug|Any CPU.Build.0 = Debug|Any CPU
		{317A4369-E5A9-4227-AEB7-89EA7163BA82}.Release|Any CPU.ActiveCfg = Release|Any CPU
		{317A4369-E5A9-4227-AEB7-89EA7163BA82}.Release|Any CPU.Build.0 = Release|Any CPU
	EndGlobalSection
	GlobalSection(SolutionProperties) = preSolution
		HideSolutionNode = FALSE
	EndGlobalSection
	GlobalSection(ExtensibilityGlobals) = postSolution
		SolutionGuid = {8E2F5EBA-5683-4DED-859B-0E01EB65CDF5}
	EndGlobalSection
EndGlobal
